// !$*UTF8*$!
{
	archiveVersion = 1;
	classes = {
	};
	objectVersion = 55;
	objects = {

/* Begin PBXBuildFile section */
		3A5E824F28D3771A00394771 /* AppDelegate.swift in Sources */ = {isa = PBXBuildFile; fileRef = 3A5E824E28D3771A00394771 /* AppDelegate.swift */; };
		3A5E825128D3771A00394771 /* SceneDelegate.swift in Sources */ = {isa = PBXBuildFile; fileRef = 3A5E825028D3771A00394771 /* SceneDelegate.swift */; };
		3A5E825328D3771A00394771 /* ContinueController.swift in Sources */ = {isa = PBXBuildFile; fileRef = 3A5E825228D3771A00394771 /* ContinueController.swift */; };
		3A5E825828D3771C00394771 /* Assets.xcassets in Resources */ = {isa = PBXBuildFile; fileRef = 3A5E825728D3771C00394771 /* Assets.xcassets */; };
		3A5E825B28D3771C00394771 /* LaunchScreen.storyboard in Resources */ = {isa = PBXBuildFile; fileRef = 3A5E825928D3771C00394771 /* LaunchScreen.storyboard */; };
		3A5E826F28D382E200394771 /* Currency.swift in Sources */ = {isa = PBXBuildFile; fileRef = 3A5E826E28D382E200394771 /* Currency.swift */; };
		3A5E827128D3839D00394771 /* Services.swift in Sources */ = {isa = PBXBuildFile; fileRef = 3A5E827028D3839D00394771 /* Services.swift */; };
		3A5E827328D3848B00394771 /* ContinueView.swift in Sources */ = {isa = PBXBuildFile; fileRef = 3A5E827228D3848B00394771 /* ContinueView.swift */; };
		3A5E827628D3874100394771 /* NetworkService.swift in Sources */ = {isa = PBXBuildFile; fileRef = 3A5E827528D3874100394771 /* NetworkService.swift */; };
		3AE7519428D41B4E00D3B12A /* BeautyServiceViewModel.swift in Sources */ = {isa = PBXBuildFile; fileRef = 3AE7519328D41B4E00D3B12A /* BeautyServiceViewModel.swift */; };
		3AE7519628D41E1900D3B12A /* BeautyServicesListViewModel.swift in Sources */ = {isa = PBXBuildFile; fileRef = 3AE7519528D41E1900D3B12A /* BeautyServicesListViewModel.swift */; };
		3AFCA88628D4630D00BFBE13 /* AvailableServicesView.swift in Sources */ = {isa = PBXBuildFile; fileRef = 3AFCA88528D4630D00BFBE13 /* AvailableServicesView.swift */; };
		3AFCA88828D4647300BFBE13 /* AvailableServicesController.swift in Sources */ = {isa = PBXBuildFile; fileRef = 3AFCA88728D4647300BFBE13 /* AvailableServicesController.swift */; };
		6BFDB9B31E54607F990D4381 /* Pods_GowabiAssignment.framework in Frameworks */ = {isa = PBXBuildFile; fileRef = 475C957345F4A3956295AE69 /* Pods_GowabiAssignment.framework */; };
/* End PBXBuildFile section */

/* Begin PBXFileReference section */
		3A5E824B28D3771A00394771 /* GowabiAssignment.app */ = {isa = PBXFileReference; explicitFileType = wrapper.application; includeInIndex = 0; path = GowabiAssignment.app; sourceTree = BUILT_PRODUCTS_DIR; };
		3A5E824E28D3771A00394771 /* AppDelegate.swift */ = {isa = PBXFileReference; lastKnownFileType = sourcecode.swift; path = AppDelegate.swift; sourceTree = "<group>"; };
		3A5E825028D3771A00394771 /* SceneDelegate.swift */ = {isa = PBXFileReference; lastKnownFileType = sourcecode.swift; path = SceneDelegate.swift; sourceTree = "<group>"; };
		3A5E825228D3771A00394771 /* ContinueController.swift */ = {isa = PBXFileReference; lastKnownFileType = sourcecode.swift; path = ContinueController.swift; sourceTree = "<group>"; };
		3A5E825728D3771C00394771 /* Assets.xcassets */ = {isa = PBXFileReference; lastKnownFileType = folder.assetcatalog; path = Assets.xcassets; sourceTree = "<group>"; };
		3A5E825A28D3771C00394771 /* Base */ = {isa = PBXFileReference; lastKnownFileType = file.storyboard; name = Base; path = Base.lproj/LaunchScreen.storyboard; sourceTree = "<group>"; };
		3A5E825C28D3771C00394771 /* Info.plist */ = {isa = PBXFileReference; lastKnownFileType = text.plist.xml; path = Info.plist; sourceTree = "<group>"; };
		3A5E826E28D382E200394771 /* Currency.swift */ = {isa = PBXFileReference; lastKnownFileType = sourcecode.swift; path = Currency.swift; sourceTree = "<group>"; };
		3A5E827028D3839D00394771 /* Services.swift */ = {isa = PBXFileReference; lastKnownFileType = sourcecode.swift; path = Services.swift; sourceTree = "<group>"; };
		3A5E827228D3848B00394771 /* ContinueView.swift */ = {isa = PBXFileReference; lastKnownFileType = sourcecode.swift; path = ContinueView.swift; sourceTree = "<group>"; };
		3A5E827528D3874100394771 /* NetworkService.swift */ = {isa = PBXFileReference; lastKnownFileType = sourcecode.swift; path = NetworkService.swift; sourceTree = "<group>"; };
		3AE7519328D41B4E00D3B12A /* BeautyServiceViewModel.swift */ = {isa = PBXFileReference; lastKnownFileType = sourcecode.swift; path = BeautyServiceViewModel.swift; sourceTree = "<group>"; };
		3AE7519528D41E1900D3B12A /* BeautyServicesListViewModel.swift */ = {isa = PBXFileReference; lastKnownFileType = sourcecode.swift; path = BeautyServicesListViewModel.swift; sourceTree = "<group>"; };
		3AFCA88528D4630D00BFBE13 /* AvailableServicesView.swift */ = {isa = PBXFileReference; lastKnownFileType = sourcecode.swift; path = AvailableServicesView.swift; sourceTree = "<group>"; };
		3AFCA88728D4647300BFBE13 /* AvailableServicesController.swift */ = {isa = PBXFileReference; lastKnownFileType = sourcecode.swift; path = AvailableServicesController.swift; sourceTree = "<group>"; };
		475C957345F4A3956295AE69 /* Pods_GowabiAssignment.framework */ = {isa = PBXFileReference; explicitFileType = wrapper.framework; includeInIndex = 0; path = Pods_GowabiAssignment.framework; sourceTree = BUILT_PRODUCTS_DIR; };
		5713BD5AC35307C779000398 /* Pods-GowabiAssignment.release.xcconfig */ = {isa = PBXFileReference; includeInIndex = 1; lastKnownFileType = text.xcconfig; name = "Pods-GowabiAssignment.release.xcconfig"; path = "Target Support Files/Pods-GowabiAssignment/Pods-GowabiAssignment.release.xcconfig"; sourceTree = "<group>"; };
		ECE45A4BA0B751F3B05BC68F /* Pods-GowabiAssignment.debug.xcconfig */ = {isa = PBXFileReference; includeInIndex = 1; lastKnownFileType = text.xcconfig; name = "Pods-GowabiAssignment.debug.xcconfig"; path = "Target Support Files/Pods-GowabiAssignment/Pods-GowabiAssignment.debug.xcconfig"; sourceTree = "<group>"; };
/* End PBXFileReference section */

/* Begin PBXFrameworksBuildPhase section */
		3A5E824828D3771A00394771 /* Frameworks */ = {
			isa = PBXFrameworksBuildPhase;
			buildActionMask = 2147483647;
			files = (
				6BFDB9B31E54607F990D4381 /* Pods_GowabiAssignment.framework in Frameworks */,
			);
			runOnlyForDeploymentPostprocessing = 0;
		};
/* End PBXFrameworksBuildPhase section */

/* Begin PBXGroup section */
		09E2544A4933C7CED2DDB82B /* Frameworks */ = {
			isa = PBXGroup;
			children = (
				475C957345F4A3956295AE69 /* Pods_GowabiAssignment.framework */,
			);
			name = Frameworks;
			sourceTree = "<group>";
		};
		3A5E824228D3771A00394771 = {
			isa = PBXGroup;
			children = (
				3A5E824D28D3771A00394771 /* GowabiAssignment */,
				3A5E824C28D3771A00394771 /* Products */,
				8EEDDFFCF0C3FA9CDA013432 /* Pods */,
				09E2544A4933C7CED2DDB82B /* Frameworks */,
			);
			sourceTree = "<group>";
		};
		3A5E824C28D3771A00394771 /* Products */ = {
			isa = PBXGroup;
			children = (
				3A5E824B28D3771A00394771 /* GowabiAssignment.app */,
			);
			name = Products;
			sourceTree = "<group>";
		};
		3A5E824D28D3771A00394771 /* GowabiAssignment */ = {
			isa = PBXGroup;
			children = (
				3A5E826328D378A500394771 /* Resources */,
				3A5E826228D3789D00394771 /* Sources */,
			);
			path = GowabiAssignment;
			sourceTree = "<group>";
		};
		3A5E826228D3789D00394771 /* Sources */ = {
			isa = PBXGroup;
			children = (
				3A5E826728D378D500394771 /* Scenes */,
				3A5E826628D378C700394771 /* App */,
			);
			path = Sources;
			sourceTree = "<group>";
		};
		3A5E826328D378A500394771 /* Resources */ = {
			isa = PBXGroup;
			children = (
				3A5E826528D378B000394771 /* Supporting files */,
				3A5E826428D378AA00394771 /* Config */,
			);
			path = Resources;
			sourceTree = "<group>";
		};
		3A5E826428D378AA00394771 /* Config */ = {
			isa = PBXGroup;
			children = (
				3A5E825C28D3771C00394771 /* Info.plist */,
			);
			path = Config;
			sourceTree = "<group>";
		};
		3A5E826528D378B000394771 /* Supporting files */ = {
			isa = PBXGroup;
			children = (
				3A5E825728D3771C00394771 /* Assets.xcassets */,
			);
			path = "Supporting files";
			sourceTree = "<group>";
		};
		3A5E826628D378C700394771 /* App */ = {
			isa = PBXGroup;
			children = (
				3A5E824E28D3771A00394771 /* AppDelegate.swift */,
				3A5E825028D3771A00394771 /* SceneDelegate.swift */,
			);
			path = App;
			sourceTree = "<group>";
		};
		3A5E826728D378D500394771 /* Scenes */ = {
			isa = PBXGroup;
			children = (
				3A5E826A28D378F400394771 /* Model */,
				3A5E826928D378E500394771 /* View */,
				3A5E826828D378DC00394771 /* ViewModel */,
			);
			path = Scenes;
			sourceTree = "<group>";
		};
		3A5E826828D378DC00394771 /* ViewModel */ = {
			isa = PBXGroup;
			children = (
				3AE7519328D41B4E00D3B12A /* BeautyServiceViewModel.swift */,
				3AE7519528D41E1900D3B12A /* BeautyServicesListViewModel.swift */,
			);
			path = ViewModel;
			sourceTree = "<group>";
		};
		3A5E826928D378E500394771 /* View */ = {
			isa = PBXGroup;
			children = (
				3A5E826D28D3791300394771 /* Views */,
				3A5E826C28D3790500394771 /* Controllers */,
				3A5E826B28D378FC00394771 /* Storyboards */,
			);
			path = View;
			sourceTree = "<group>";
		};
		3A5E826A28D378F400394771 /* Model */ = {
			isa = PBXGroup;
			children = (
				3A5E827428D3871200394771 /* Decodable */,
				3A5E827528D3874100394771 /* NetworkService.swift */,
			);
			path = Model;
			sourceTree = "<group>";
		};
		3A5E826B28D378FC00394771 /* Storyboards */ = {
			isa = PBXGroup;
			children = (
				3A5E825928D3771C00394771 /* LaunchScreen.storyboard */,
			);
			path = Storyboards;
			sourceTree = "<group>";
		};
		3A5E826C28D3790500394771 /* Controllers */ = {
			isa = PBXGroup;
			children = (
				3A5E825228D3771A00394771 /* ContinueController.swift */,
				3AFCA88728D4647300BFBE13 /* AvailableServicesController.swift */,
			);
			path = Controllers;
			sourceTree = "<group>";
		};
		3A5E826D28D3791300394771 /* Views */ = {
			isa = PBXGroup;
			children = (
				3A5E827228D3848B00394771 /* ContinueView.swift */,
				3AFCA88528D4630D00BFBE13 /* AvailableServicesView.swift */,
			);
			path = Views;
			sourceTree = "<group>";
		};
		3A5E827428D3871200394771 /* Decodable */ = {
			isa = PBXGroup;
			children = (
				3A5E827028D3839D00394771 /* Services.swift */,
				3A5E826E28D382E200394771 /* Currency.swift */,
			);
			path = Decodable;
			sourceTree = "<group>";
		};
		8EEDDFFCF0C3FA9CDA013432 /* Pods */ = {
			isa = PBXGroup;
			children = (
				ECE45A4BA0B751F3B05BC68F /* Pods-GowabiAssignment.debug.xcconfig */,
				5713BD5AC35307C779000398 /* Pods-GowabiAssignment.release.xcconfig */,
			);
			path = Pods;
			sourceTree = "<group>";
		};
/* End PBXGroup section */

/* Begin PBXNativeTarget section */
		3A5E824A28D3771A00394771 /* GowabiAssignment */ = {
			isa = PBXNativeTarget;
			buildConfigurationList = 3A5E825F28D3771C00394771 /* Build configuration list for PBXNativeTarget "GowabiAssignment" */;
			buildPhases = (
				AB32463074D39E03E0947D71 /* [CP] Check Pods Manifest.lock */,
				3A5E824728D3771A00394771 /* Sources */,
				3A5E824828D3771A00394771 /* Frameworks */,
				3A5E824928D3771A00394771 /* Resources */,
				18008A721825396FC42414D9 /* [CP] Embed Pods Frameworks */,
			);
			buildRules = (
			);
			dependencies = (
			);
			name = GowabiAssignment;
			productName = GowabiAssignment;
			productReference = 3A5E824B28D3771A00394771 /* GowabiAssignment.app */;
			productType = "com.apple.product-type.application";
		};
/* End PBXNativeTarget section */

/* Begin PBXProject section */
		3A5E824328D3771A00394771 /* Project object */ = {
			isa = PBXProject;
			attributes = {
				BuildIndependentTargetsInParallel = 1;
				LastSwiftUpdateCheck = 1330;
				LastUpgradeCheck = 1330;
				TargetAttributes = {
					3A5E824A28D3771A00394771 = {
						CreatedOnToolsVersion = 13.3.1;
					};
				};
			};
			buildConfigurationList = 3A5E824628D3771A00394771 /* Build configuration list for PBXProject "GowabiAssignment" */;
			compatibilityVersion = "Xcode 13.0";
			developmentRegion = en;
			hasScannedForEncodings = 0;
			knownRegions = (
				en,
				Base,
			);
			mainGroup = 3A5E824228D3771A00394771;
			productRefGroup = 3A5E824C28D3771A00394771 /* Products */;
			projectDirPath = "";
			projectRoot = "";
			targets = (
				3A5E824A28D3771A00394771 /* GowabiAssignment */,
			);
		};
/* End PBXProject section */

/* Begin PBXResourcesBuildPhase section */
		3A5E824928D3771A00394771 /* Resources */ = {
			isa = PBXResourcesBuildPhase;
			buildActionMask = 2147483647;
			files = (
				3A5E825B28D3771C00394771 /* LaunchScreen.storyboard in Resources */,
				3A5E825828D3771C00394771 /* Assets.xcassets in Resources */,
			);
			runOnlyForDeploymentPostprocessing = 0;
		};
/* End PBXResourcesBuildPhase section */

/* Begin PBXShellScriptBuildPhase section */
		18008A721825396FC42414D9 /* [CP] Embed Pods Frameworks */ = {
			isa = PBXShellScriptBuildPhase;
			buildActionMask = 2147483647;
			files = (
			);
			inputFileListPaths = (
				"${PODS_ROOT}/Target Support Files/Pods-GowabiAssignment/Pods-GowabiAssignment-frameworks-${CONFIGURATION}-input-files.xcfilelist",
			);
			name = "[CP] Embed Pods Frameworks";
			outputFileListPaths = (
				"${PODS_ROOT}/Target Support Files/Pods-GowabiAssignment/Pods-GowabiAssignment-frameworks-${CONFIGURATION}-output-files.xcfilelist",
			);
			runOnlyForDeploymentPostprocessing = 0;
			shellPath = /bin/sh;
			shellScript = "\"${PODS_ROOT}/Target Support Files/Pods-GowabiAssignment/Pods-GowabiAssignment-frameworks.sh\"\n";
			showEnvVarsInLog = 0;
		};
		AB32463074D39E03E0947D71 /* [CP] Check Pods Manifest.lock */ = {
			isa = PBXShellScriptBuildPhase;
			buildActionMask = 2147483647;
			files = (
			);
			inputFileListPaths = (
			);
			inputPaths = (
				"${PODS_PODFILE_DIR_PATH}/Podfile.lock",
				"${PODS_ROOT}/Manifest.lock",
			);
			name = "[CP] Check Pods Manifest.lock";
			outputFileListPaths = (
			);
			outputPaths = (
				"$(DERIVED_FILE_DIR)/Pods-GowabiAssignment-checkManifestLockResult.txt",
			);
			runOnlyForDeploymentPostprocessing = 0;
			shellPath = /bin/sh;
			shellScript = "diff \"${PODS_PODFILE_DIR_PATH}/Podfile.lock\" \"${PODS_ROOT}/Manifest.lock\" > /dev/null\nif [ $? != 0 ] ; then\n    # print error to STDERR\n    echo \"error: The sandbox is not in sync with the Podfile.lock. Run 'pod install' or update your CocoaPods installation.\" >&2\n    exit 1\nfi\n# This output is used by Xcode 'outputs' to avoid re-running this script phase.\necho \"SUCCESS\" > \"${SCRIPT_OUTPUT_FILE_0}\"\n";
			showEnvVarsInLog = 0;
		};
/* End PBXShellScriptBuildPhase section */

/* Begin PBXSourcesBuildPhase section */
		3A5E824728D3771A00394771 /* Sources */ = {
			isa = PBXSourcesBuildPhase;
			buildActionMask = 2147483647;
			files = (
				3A5E827628D3874100394771 /* NetworkService.swift in Sources */,
				3A5E827128D3839D00394771 /* Services.swift in Sources */,
				3AE7519628D41E1900D3B12A /* BeautyServicesListViewModel.swift in Sources */,
				3A5E827328D3848B00394771 /* ContinueView.swift in Sources */,
				3A5E826F28D382E200394771 /* Currency.swift in Sources */,
				3A5E825328D3771A00394771 /* ContinueController.swift in Sources */,
				3AFCA88628D4630D00BFBE13 /* AvailableServicesView.swift in Sources */,
				3A5E824F28D3771A00394771 /* AppDelegate.swift in Sources */,
				3AFCA88828D4647300BFBE13 /* AvailableServicesController.swift in Sources */,
				3AE7519428D41B4E00D3B12A /* BeautyServiceViewModel.swift in Sources */,
				3A5E825128D3771A00394771 /* SceneDelegate.swift in Sources */,
			);
			runOnlyForDeploymentPostprocessing = 0;
		};
/* End PBXSourcesBuildPhase section */

/* Begin PBXVariantGroup section */
		3A5E825928D3771C00394771 /* LaunchScreen.storyboard */ = {
			isa = PBXVariantGroup;
			children = (
				3A5E825A28D3771C00394771 /* Base */,
			);
			name = LaunchScreen.storyboard;
			sourceTree = "<group>";
		};
/* End PBXVariantGroup section */

/* Begin XCBuildConfiguration section */
		3A5E825D28D3771C00394771 /* Debug */ = {
			isa = XCBuildConfiguration;
			buildSettings = {
				ALWAYS_SEARCH_USER_PATHS = NO;
				CLANG_ANALYZER_NONNULL = YES;
				CLANG_ANALYZER_NUMBER_OBJECT_CONVERSION = YES_AGGRESSIVE;
				CLANG_CXX_LANGUAGE_STANDARD = "gnu++17";
				CLANG_ENABLE_MODULES = YES;
				CLANG_ENABLE_OBJC_ARC = YES;
				CLANG_ENABLE_OBJC_WEAK = YES;
				CLANG_WARN_BLOCK_CAPTURE_AUTORELEASING = YES;
				CLANG_WARN_BOOL_CONVERSION = YES;
				CLANG_WARN_COMMA = YES;
				CLANG_WARN_CONSTANT_CONVERSION = YES;
				CLANG_WARN_DEPRECATED_OBJC_IMPLEMENTATIONS = YES;
				CLANG_WARN_DIRECT_OBJC_ISA_USAGE = YES_ERROR;
				CLANG_WARN_DOCUMENTATION_COMMENTS = YES;
				CLANG_WARN_EMPTY_BODY = YES;
				CLANG_WARN_ENUM_CONVERSION = YES;
				CLANG_WARN_INFINITE_RECURSION = YES;
				CLANG_WARN_INT_CONVERSION = YES;
				CLANG_WARN_NON_LITERAL_NULL_CONVERSION = YES;
				CLANG_WARN_OBJC_IMPLICIT_RETAIN_SELF = YES;
				CLANG_WARN_OBJC_LITERAL_CONVERSION = YES;
				CLANG_WARN_OBJC_ROOT_CLASS = YES_ERROR;
				CLANG_WARN_QUOTED_INCLUDE_IN_FRAMEWORK_HEADER = YES;
				CLANG_WARN_RANGE_LOOP_ANALYSIS = YES;
				CLANG_WARN_STRICT_PROTOTYPES = YES;
				CLANG_WARN_SUSPICIOUS_MOVE = YES;
				CLANG_WARN_UNGUARDED_AVAILABILITY = YES_AGGRESSIVE;
				CLANG_WARN_UNREACHABLE_CODE = YES;
				CLANG_WARN__DUPLICATE_METHOD_MATCH = YES;
				COPY_PHASE_STRIP = NO;
				DEBUG_INFORMATION_FORMAT = dwarf;
				ENABLE_STRICT_OBJC_MSGSEND = YES;
				ENABLE_TESTABILITY = YES;
				GCC_C_LANGUAGE_STANDARD = gnu11;
				GCC_DYNAMIC_NO_PIC = NO;
				GCC_NO_COMMON_BLOCKS = YES;
				GCC_OPTIMIZATION_LEVEL = 0;
				GCC_PREPROCESSOR_DEFINITIONS = (
					"DEBUG=1",
					"$(inherited)",
				);
				GCC_WARN_64_TO_32_BIT_CONVERSION = YES;
				GCC_WARN_ABOUT_RETURN_TYPE = YES_ERROR;
				GCC_WARN_UNDECLARED_SELECTOR = YES;
				GCC_WARN_UNINITIALIZED_AUTOS = YES_AGGRESSIVE;
				GCC_WARN_UNUSED_FUNCTION = YES;
				GCC_WARN_UNUSED_VARIABLE = YES;
				IPHONEOS_DEPLOYMENT_TARGET = 15.4;
				MTL_ENABLE_DEBUG_INFO = INCLUDE_SOURCE;
				MTL_FAST_MATH = YES;
				ONLY_ACTIVE_ARCH = YES;
				SDKROOT = iphoneos;
				SWIFT_ACTIVE_COMPILATION_CONDITIONS = DEBUG;
				SWIFT_OPTIMIZATION_LEVEL = "-Onone";
			};
			name = Debug;
		};
		3A5E825E28D3771C00394771 /* Release */ = {
			isa = XCBuildConfiguration;
			buildSettings = {
				ALWAYS_SEARCH_USER_PATHS = NO;
				CLANG_ANALYZER_NONNULL = YES;
				CLANG_ANALYZER_NUMBER_OBJECT_CONVERSION = YES_AGGRESSIVE;
				CLANG_CXX_LANGUAGE_STANDARD = "gnu++17";
				CLANG_ENABLE_MODULES = YES;
				CLANG_ENABLE_OBJC_ARC = YES;
				CLANG_ENABLE_OBJC_WEAK = YES;
				CLANG_WARN_BLOCK_CAPTURE_AUTORELEASING = YES;
				CLANG_WARN_BOOL_CONVERSION = YES;
				CLANG_WARN_COMMA = YES;
				CLANG_WARN_CONSTANT_CONVERSION = YES;
				CLANG_WARN_DEPRECATED_OBJC_IMPLEMENTATIONS = YES;
				CLANG_WARN_DIRECT_OBJC_ISA_USAGE = YES_ERROR;
				CLANG_WARN_DOCUMENTATION_COMMENTS = YES;
				CLANG_WARN_EMPTY_BODY = YES;
				CLANG_WARN_ENUM_CONVERSION = YES;
				CLANG_WARN_INFINITE_RECURSION = YES;
				CLANG_WARN_INT_CONVERSION = YES;
				CLANG_WARN_NON_LITERAL_NULL_CONVERSION = YES;
				CLANG_WARN_OBJC_IMPLICIT_RETAIN_SELF = YES;
				CLANG_WARN_OBJC_LITERAL_CONVERSION = YES;
				CLANG_WARN_OBJC_ROOT_CLASS = YES_ERROR;
				CLANG_WARN_QUOTED_INCLUDE_IN_FRAMEWORK_HEADER = YES;
				CLANG_WARN_RANGE_LOOP_ANALYSIS = YES;
				CLANG_WARN_STRICT_PROTOTYPES = YES;
				CLANG_WARN_SUSPICIOUS_MOVE = YES;
				CLANG_WARN_UNGUARDED_AVAILABILITY = YES_AGGRESSIVE;
				CLANG_WARN_UNREACHABLE_CODE = YES;
				CLANG_WARN__DUPLICATE_METHOD_MATCH = YES;
				COPY_PHASE_STRIP = NO;
				DEBUG_INFORMATION_FORMAT = "dwarf-with-dsym";
				ENABLE_NS_ASSERTIONS = NO;
				ENABLE_STRICT_OBJC_MSGSEND = YES;
				GCC_C_LANGUAGE_STANDARD = gnu11;
				GCC_NO_COMMON_BLOCKS = YES;
				GCC_WARN_64_TO_32_BIT_CONVERSION = YES;
				GCC_WARN_ABOUT_RETURN_TYPE = YES_ERROR;
				GCC_WARN_UNDECLARED_SELECTOR = YES;
				GCC_WARN_UNINITIALIZED_AUTOS = YES_AGGRESSIVE;
				GCC_WARN_UNUSED_FUNCTION = YES;
				GCC_WARN_UNUSED_VARIABLE = YES;
				IPHONEOS_DEPLOYMENT_TARGET = 15.4;
				MTL_ENABLE_DEBUG_INFO = NO;
				MTL_FAST_MATH = YES;
				SDKROOT = iphoneos;
				SWIFT_COMPILATION_MODE = wholemodule;
				SWIFT_OPTIMIZATION_LEVEL = "-O";
				VALIDATE_PRODUCT = YES;
			};
			name = Release;
		};
		3A5E826028D3771C00394771 /* Debug */ = {
			isa = XCBuildConfiguration;
			baseConfigurationReference = ECE45A4BA0B751F3B05BC68F /* Pods-GowabiAssignment.debug.xcconfig */;
			buildSettings = {
				ASSETCATALOG_COMPILER_APPICON_NAME = AppIcon;
				ASSETCATALOG_COMPILER_GLOBAL_ACCENT_COLOR_NAME = AccentColor;
				CODE_SIGN_STYLE = Automatic;
				CURRENT_PROJECT_VERSION = 1;
				DEVELOPMENT_TEAM = MK8LDS6W26;
				GENERATE_INFOPLIST_FILE = YES;
				INFOPLIST_FILE = GowabiAssignment/Resources/Config/Info.plist;
				INFOPLIST_KEY_UIApplicationSupportsIndirectInputEvents = YES;
				INFOPLIST_KEY_UILaunchStoryboardName = LaunchScreen;
				INFOPLIST_KEY_UISupportedInterfaceOrientations_iPad = "UIInterfaceOrientationPortrait UIInterfaceOrientationPortraitUpsideDown UIInterfaceOrientationLandscapeLeft UIInterfaceOrientationLandscapeRight";
				INFOPLIST_KEY_UISupportedInterfaceOrientations_iPhone = "UIInterfaceOrientationPortrait UIInterfaceOrientationLandscapeLeft UIInterfaceOrientationLandscapeRight";
				LD_RUNPATH_SEARCH_PATHS = (
					"$(inherited)",
					"@executable_path/Frameworks",
				);
				MARKETING_VERSION = 1.0;
				PRODUCT_BUNDLE_IDENTIFIER = com.stanno.GowabiAssignment;
				PRODUCT_NAME = "$(TARGET_NAME)";
				SWIFT_EMIT_LOC_STRINGS = YES;
				SWIFT_VERSION = 5.0;
				TARGETED_DEVICE_FAMILY = "1,2";
			};
			name = Debug;
		};
		3A5E826128D3771C00394771 /* Release */ = {
			isa = XCBuildConfiguration;
			baseConfigurationReference = 5713BD5AC35307C779000398 /* Pods-GowabiAssignment.release.xcconfig */;
			buildSettings = {
				ASSETCATALOG_COMPILER_APPICON_NAME = AppIcon;
				ASSETCATALOG_COMPILER_GLOBAL_ACCENT_COLOR_NAME = AccentColor;
				CODE_SIGN_STYLE = Automatic;
				CURRENT_PROJECT_VERSION = 1;
				DEVELOPMENT_TEAM = MK8LDS6W26;
				GENERATE_INFOPLIST_FILE = YES;
				INFOPLIST_FILE = GowabiAssignment/Resources/Config/Info.plist;
				INFOPLIST_KEY_UIApplicationSupportsIndirectInputEvents = YES;
				INFOPLIST_KEY_UILaunchStoryboardName = LaunchScreen;
				INFOPLIST_KEY_UISupportedInterfaceOrientations_iPad = "UIInterfaceOrientationPortrait UIInterfaceOrientationPortraitUpsideDown UIInterfaceOrientationLandscapeLeft UIInterfaceOrientationLandscapeRight";
				INFOPLIST_KEY_UISupportedInterfaceOrientations_iPhone = "UIInterfaceOrientationPortrait UIInterfaceOrientationLandscapeLeft UIInterfaceOrientationLandscapeRight";
				LD_RUNPATH_SEARCH_PATHS = (
					"$(inherited)",
					"@executable_path/Frameworks",
				);
				MARKETING_VERSION = 1.0;
				PRODUCT_BUNDLE_IDENTIFIER = com.stanno.GowabiAssignment;
				PRODUCT_NAME = "$(TARGET_NAME)";
				SWIFT_EMIT_LOC_STRINGS = YES;
				SWIFT_VERSION = 5.0;
				TARGETED_DEVICE_FAMILY = "1,2";
			};
			name = Release;
		};
/* End XCBuildConfiguration section */

/* Begin XCConfigurationList section */
		3A5E824628D3771A00394771 /* Build configuration list for PBXProject "GowabiAssignment" */ = {
			isa = XCConfigurationList;
			buildConfigurations = (
				3A5E825D28D3771C00394771 /* Debug */,
				3A5E825E28D3771C00394771 /* Release */,
			);
			defaultConfigurationIsVisible = 0;
			defaultConfigurationName = Release;
		};
		3A5E825F28D3771C00394771 /* Build configuration list for PBXNativeTarget "GowabiAssignment" */ = {
			isa = XCConfigurationList;
			buildConfigurations = (
				3A5E826028D3771C00394771 /* Debug */,
				3A5E826128D3771C00394771 /* Release */,
			);
			defaultConfigurationIsVisible = 0;
			defaultConfigurationName = Release;
		};
/* End XCConfigurationList section */
	};
	rootObject = 3A5E824328D3771A00394771 /* Project object */;
}
